
Microsoft Visual Studio Solution File, Format Version 12.00
# Visual Studio 15
VisualStudioVersion = 15.0.28307.572
MinimumVisualStudioVersion = 10.0.40219.1
Project("{FAE04EC0-301F-11D3-BF4B-00C04F79EFBC}") = "SimpleMath.Core", "SimpleMath.Core\SimpleMath.Core.csproj", "{DD2AD2A4-6219-4217-B382-13BE7F5188EC}"
EndProject
Project("{FAE04EC0-301F-11D3-BF4B-00C04F79EFBC}") = "SimpleMath.MsTests", "SimpleMath.Tests\SimpleMath.MsTests.csproj", "{D58C0124-4F01-400A-84FB-859C090C4DF0}"
EndProject
Project("{FAE04EC0-301F-11D3-BF4B-00C04F79EFBC}") = "SimpleMath.Api", "SimpleMath.Api\SimpleMath.Api.csproj", "{6B53BA0D-4CCE-4460-8151-0125D440582E}"
EndProject
Project("{FAE04EC0-301F-11D3-BF4B-00C04F79EFBC}") = "SimpleMath.XUnitTests", "SimpleMath.XUnitTests\SimpleMath.XUnitTests.csproj", "{87C87178-7165-4010-842B-323702928529}"
EndProject
Global
	GlobalSection(SolutionConfigurationPlatforms) = preSolution
		Debug|Any CPU = Debug|Any CPU
		Release|Any CPU = Release|Any CPU
	EndGlobalSection
	GlobalSection(ProjectConfigurationPlatforms) = postSolution
		{DD2AD2A4-6219-4217-B382-13BE7F5188EC}.Debug|Any CPU.ActiveCfg = Debug|Any CPU
		{DD2AD2A4-6219-4217-B382-13BE7F5188EC}.Debug|Any CPU.Build.0 = Debug|Any CPU
		{DD2AD2A4-6219-4217-B382-13BE7F5188EC}.Release|Any CPU.ActiveCfg = Release|Any CPU
		{DD2AD2A4-6219-4217-B382-13BE7F5188EC}.Release|Any CPU.Build.0 = Release|Any CPU
		{D58C0124-4F01-400A-84FB-859C090C4DF0}.Debug|Any CPU.ActiveCfg = Debug|Any CPU
		{D58C0124-4F01-400A-84FB-859C090C4DF0}.Debug|Any CPU.Build.0 = Debug|Any CPU
		{D58C0124-4F01-400A-84FB-859C090C4DF0}.Release|Any CPU.ActiveCfg = Release|Any CPU
		{D58C0124-4F01-400A-84FB-859C090C4DF0}.Release|Any CPU.Build.0 = Release|Any CPU
		{6B53BA0D-4CCE-4460-8151-0125D440582E}.Debug|Any CPU.ActiveCfg = Debug|Any CPU
		{6B53BA0D-4CCE-4460-8151-0125D440582E}.Debug|Any CPU.Build.0 = Debug|Any CPU
		{6B53BA0D-4CCE-4460-8151-0125D440582E}.Release|Any CPU.ActiveCfg = Release|Any CPU
		{6B53BA0D-4CCE-4460-8151-0125D440582E}.Release|Any CPU.Build.0 = Release|Any CPU
		{87C87178-7165-4010-842B-323702928529}.Debug|Any CPU.ActiveCfg = Debug|Any CPU
		{87C87178-7165-4010-842B-323702928529}.Debug|Any CPU.Build.0 = Debug|Any CPU
		{87C87178-7165-4010-842B-323702928529}.Release|Any CPU.ActiveCfg = Release|Any CPU
		{87C87178-7165-4010-842B-323702928529}.Release|Any CPU.Build.0 = Release|Any CPU
	EndGlobalSection
	GlobalSection(SolutionProperties) = preSolution
		HideSolutionNode = FALSE
	EndGlobalSection
	GlobalSection(ExtensibilityGlobals) = postSolution
		SolutionGuid = {40284DB2-F682-4A4C-A222-3D4F74A36A95}
	EndGlobalSection
EndGlobal
